
Microsoft Visual Studio Solution File, Format Version 12.00
Project("{FAE04EC0-301F-11D3-BF4B-00C04F79EFBC}") = "CsharpSession1", "CsharpSession1\CsharpSession1.csproj", "{B58025FA-FCB5-4333-AC2D-26167E8B6028}"
EndProject
Project("{2150E333-8FDC-42A3-9474-1A3956D46DE8}") = "CsharpPracticeTasks1", "CsharpPracticeTasks1", "{1A840735-2AEE-4D35-8D7F-B9CF30134207}"
EndProject
Project("{FAE04EC0-301F-11D3-BF4B-00C04F79EFBC}") = "tasks1", "tasks1\tasks1.csproj", "{6412FBBA-19A7-4724-A812-3F8BF4C16648}"
EndProject
Global
	GlobalSection(SolutionConfigurationPlatforms) = preSolution
		Debug|Any CPU = Debug|Any CPU
		Release|Any CPU = Release|Any CPU
	EndGlobalSection
	GlobalSection(ProjectConfigurationPlatforms) = postSolution
		{B58025FA-FCB5-4333-AC2D-26167E8B6028}.Debug|Any CPU.ActiveCfg = Debug|Any CPU
		{B58025FA-FCB5-4333-AC2D-26167E8B6028}.Debug|Any CPU.Build.0 = Debug|Any CPU
		{B58025FA-FCB5-4333-AC2D-26167E8B6028}.Release|Any CPU.ActiveCfg = Release|Any CPU
		{B58025FA-FCB5-4333-AC2D-26167E8B6028}.Release|Any CPU.Build.0 = Release|Any CPU
		{6412FBBA-19A7-4724-A812-3F8BF4C16648}.Debug|Any CPU.ActiveCfg = Debug|Any CPU
		{6412FBBA-19A7-4724-A812-3F8BF4C16648}.Debug|Any CPU.Build.0 = Debug|Any CPU
		{6412FBBA-19A7-4724-A812-3F8BF4C16648}.Release|Any CPU.ActiveCfg = Release|Any CPU
		{6412FBBA-19A7-4724-A812-3F8BF4C16648}.Release|Any CPU.Build.0 = Release|Any CPU
	EndGlobalSection
	GlobalSection(NestedProjects) = preSolution
		{6412FBBA-19A7-4724-A812-3F8BF4C16648} = {1A840735-2AEE-4D35-8D7F-B9CF30134207}
	EndGlobalSection
EndGlobal
